Microsoft Visual Studio Solution File, Format Version 12.00
# Visual Studio Version 17
VisualStudioVersion = 17.5.2.0
MinimumVisualStudioVersion = 10.0.40219.1
Project("{FAE04EC0-301F-11D3-BF4B-00C04F79EFBC}") = "IP_Dir", "IP_Dir.csproj", "{B4DF5695-3A23-A02B-2FBC-78887A271DD1}"
EndProject
Global
	GlobalSection(SolutionConfigurationPlatforms) = preSolution
		Debug|Any CPU = Debug|Any CPU
		Release|Any CPU = Release|Any CPU
	EndGlobalSection
	GlobalSection(ProjectConfigurationPlatforms) = postSolution
		{B4DF5695-3A23-A02B-2FBC-78887A271DD1}.Debug|Any CPU.ActiveCfg = Debug|Any CPU
		{B4DF5695-3A23-A02B-2FBC-78887A271DD1}.Debug|Any CPU.Build.0 = Debug|Any CPU
		{B4DF5695-3A23-A02B-2FBC-78887A271DD1}.Release|Any CPU.ActiveCfg = Release|Any CPU
		{B4DF5695-3A23-A02B-2FBC-78887A271DD1}.Release|Any CPU.Build.0 = Release|Any CPU
	EndGlobalSection
	GlobalSection(SolutionProperties) = preSolution
		HideSolutionNode = FALSE
	EndGlobalSection
	GlobalSection(ExtensibilityGlobals) = postSolution
		SolutionGuid = {75020311-2845-4C9D-A280-3F9ADC38C79F}
	EndGlobalSection
EndGlobal
